// !$*UTF8*$!
{
	archiveVersion = 1;
	classes = {
	};
	objectVersion = 46;
	objects = {

/* Begin PBXBuildFile section */
		1609907A1C282359005B5CAA /* MainTabBarController.m in Sources */ = {isa = PBXBuildFile; fileRef = 160990791C282359005B5CAA /* MainTabBarController.m */; settings = {ASSET_TAGS = (); }; };
		16753A741C2A4FD000B7EF40 /* inventoryTableViewController.m in Sources */ = {isa = PBXBuildFile; fileRef = 16753A731C2A4FD000B7EF40 /* inventoryTableViewController.m */; settings = {ASSET_TAGS = (); }; };
		16C73B1E1C1DE6A9008BC488 /* main.m in Sources */ = {isa = PBXBuildFile; fileRef = 16C73B1D1C1DE6A9008BC488 /* main.m */; };
		16C73B211C1DE6A9008BC488 /* AppDelegate.m in Sources */ = {isa = PBXBuildFile; fileRef = 16C73B201C1DE6A9008BC488 /* AppDelegate.m */; };
		16C73B241C1DE6A9008BC488 /* ViewController.m in Sources */ = {isa = PBXBuildFile; fileRef = 16C73B231C1DE6A9008BC488 /* ViewController.m */; };
		16C73B271C1DE6A9008BC488 /* Main.storyboard in Resources */ = {isa = PBXBuildFile; fileRef = 16C73B251C1DE6A9008BC488 /* Main.storyboard */; };
		16C73B291C1DE6A9008BC488 /* Assets.xcassets in Resources */ = {isa = PBXBuildFile; fileRef = 16C73B281C1DE6A9008BC488 /* Assets.xcassets */; };
		16C73B2C1C1DE6A9008BC488 /* LaunchScreen.storyboard in Resources */ = {isa = PBXBuildFile; fileRef = 16C73B2A1C1DE6A9008BC488 /* LaunchScreen.storyboard */; };
		16C73B371C1DE6AA008BC488 /* PixelWorldTests.m in Sources */ = {isa = PBXBuildFile; fileRef = 16C73B361C1DE6AA008BC488 /* PixelWorldTests.m */; };
		16C73B421C1DE6AA008BC488 /* PixelWorldUITests.m in Sources */ = {isa = PBXBuildFile; fileRef = 16C73B411C1DE6AA008BC488 /* PixelWorldUITests.m */; };
		16C73B771C1DF4B6008BC488 /* AFHTTPRequestOperation.m in Sources */ = {isa = PBXBuildFile; fileRef = 16C73B521C1DF4B6008BC488 /* AFHTTPRequestOperation.m */; settings = {ASSET_TAGS = (); }; };
		16C73B781C1DF4B6008BC488 /* AFHTTPRequestOperationManager.m in Sources */ = {isa = PBXBuildFile; fileRef = 16C73B541C1DF4B6008BC488 /* AFHTTPRequestOperationManager.m */; settings = {ASSET_TAGS = (); }; };
		16C73B791C1DF4B6008BC488 /* AFHTTPSessionManager.m in Sources */ = {isa = PBXBuildFile; fileRef = 16C73B561C1DF4B6008BC488 /* AFHTTPSessionManager.m */; settings = {ASSET_TAGS = (); }; };
		16C73B7A1C1DF4B6008BC488 /* AFNetworkReachabilityManager.m in Sources */ = {isa = PBXBuildFile; fileRef = 16C73B591C1DF4B6008BC488 /* AFNetworkReachabilityManager.m */; settings = {ASSET_TAGS = (); }; };
		16C73B7B1C1DF4B6008BC488 /* AFSecurityPolicy.m in Sources */ = {isa = PBXBuildFile; fileRef = 16C73B5B1C1DF4B6008BC488 /* AFSecurityPolicy.m */; settings = {ASSET_TAGS = (); }; };
		16C73B7C1C1DF4B6008BC488 /* AFURLConnectionOperation.m in Sources */ = {isa = PBXBuildFile; fileRef = 16C73B5D1C1DF4B6008BC488 /* AFURLConnectionOperation.m */; settings = {ASSET_TAGS = (); }; };
		16C73B7D1C1DF4B6008BC488 /* AFURLRequestSerialization.m in Sources */ = {isa = PBXBuildFile; fileRef = 16C73B5F1C1DF4B6008BC488 /* AFURLRequestSerialization.m */; settings = {ASSET_TAGS = (); }; };
		16C73B7E1C1DF4B6008BC488 /* AFURLResponseSerialization.m in Sources */ = {isa = PBXBuildFile; fileRef = 16C73B611C1DF4B6008BC488 /* AFURLResponseSerialization.m */; settings = {ASSET_TAGS = (); }; };
		16C73B7F1C1DF4B6008BC488 /* AFURLSessionManager.m in Sources */ = {isa = PBXBuildFile; fileRef = 16C73B631C1DF4B6008BC488 /* AFURLSessionManager.m */; settings = {ASSET_TAGS = (); }; };
		16C73B801C1DF4B6008BC488 /* AFNetworkActivityIndicatorManager.m in Sources */ = {isa = PBXBuildFile; fileRef = 16C73B661C1DF4B6008BC488 /* AFNetworkActivityIndicatorManager.m */; settings = {ASSET_TAGS = (); }; };
		16C73B811C1DF4B6008BC488 /* UIActivityIndicatorView+AFNetworking.m in Sources */ = {isa = PBXBuildFile; fileRef = 16C73B681C1DF4B6008BC488 /* UIActivityIndicatorView+AFNetworking.m */; settings = {ASSET_TAGS = (); }; };
		16C73B821C1DF4B6008BC488 /* UIAlertView+AFNetworking.m in Sources */ = {isa = PBXBuildFile; fileRef = 16C73B6A1C1DF4B6008BC488 /* UIAlertView+AFNetworking.m */; settings = {ASSET_TAGS = (); }; };
		16C73B831C1DF4B6008BC488 /* UIButton+AFNetworking.m in Sources */ = {isa = PBXBuildFile; fileRef = 16C73B6C1C1DF4B6008BC488 /* UIButton+AFNetworking.m */; settings = {ASSET_TAGS = (); }; };
		16C73B841C1DF4B6008BC488 /* UIImageView+AFNetworking.m in Sources */ = {isa = PBXBuildFile; fileRef = 16C73B6F1C1DF4B6008BC488 /* UIImageView+AFNetworking.m */; settings = {ASSET_TAGS = (); }; };
		16C73B851C1DF4B6008BC488 /* UIProgressView+AFNetworking.m in Sources */ = {isa = PBXBuildFile; fileRef = 16C73B721C1DF4B6008BC488 /* UIProgressView+AFNetworking.m */; settings = {ASSET_TAGS = (); }; };
		16C73B861C1DF4B6008BC488 /* UIRefreshControl+AFNetworking.m in Sources */ = {isa = PBXBuildFile; fileRef = 16C73B741C1DF4B6008BC488 /* UIRefreshControl+AFNetworking.m */; settings = {ASSET_TAGS = (); }; };
		16C73B871C1DF4B6008BC488 /* UIWebView+AFNetworking.m in Sources */ = {isa = PBXBuildFile; fileRef = 16C73B761C1DF4B6008BC488 /* UIWebView+AFNetworking.m */; settings = {ASSET_TAGS = (); }; };
		16C73B8A1C27E5EC008BC488 /* monsterViewController.m in Sources */ = {isa = PBXBuildFile; fileRef = 16C73B891C27E5EC008BC488 /* monsterViewController.m */; settings = {ASSET_TAGS = (); }; };
		16C73B8D1C27E619008BC488 /* shopViewController.m in Sources */ = {isa = PBXBuildFile; fileRef = 16C73B8C1C27E619008BC488 /* shopViewController.m */; settings = {ASSET_TAGS = (); }; };
/* End PBXBuildFile section */

/* Begin PBXContainerItemProxy section */
		16C73B331C1DE6AA008BC488 /* PBXContainerItemProxy */ = {
			isa = PBXContainerItemProxy;
			containerPortal = 16C73B111C1DE6A9008BC488 /* Project object */;
			proxyType = 1;
			remoteGlobalIDString = 16C73B181C1DE6A9008BC488;
			remoteInfo = PixelWorld;
		};
		16C73B3E1C1DE6AA008BC488 /* PBXContainerItemProxy */ = {
			isa = PBXContainerItemProxy;
			containerPortal = 16C73B111C1DE6A9008BC488 /* Project object */;
			proxyType = 1;
			remoteGlobalIDString = 16C73B181C1DE6A9008BC488;
			remoteInfo = PixelWorld;
		};
/* End PBXContainerItemProxy section */

/* Begin PBXFileReference section */
		160990781C282359005B5CAA /* MainTabBarController.h */ = {isa = PBXFileReference; fileEncoding = 4; lastKnownFileType = sourcecode.c.h; path = MainTabBarController.h; sourceTree = "<group>"; };
		160990791C282359005B5CAA /* MainTabBarController.m */ = {isa = PBXFileReference; fileEncoding = 4; lastKnownFileType = sourcecode.c.objc; path = MainTabBarController.m; sourceTree = "<group>"; };
		16753A721C2A4FD000B7EF40 /* inventoryTableViewController.h */ = {isa = PBXFileReference; fileEncoding = 4; lastKnownFileType = sourcecode.c.h; path = inventoryTableViewController.h; sourceTree = "<group>"; };
		16753A731C2A4FD000B7EF40 /* inventoryTableViewController.m */ = {isa = PBXFileReference; fileEncoding = 4; lastKnownFileType = sourcecode.c.objc; path = inventoryTableViewController.m; sourceTree = "<group>"; };
		16C73B191C1DE6A9008BC488 /* PixelWorld.app */ = {isa = PBXFileReference; explicitFileType = wrapper.application; includeInIndex = 0; path = PixelWorld.app; sourceTree = BUILT_PRODUCTS_DIR; };
		16C73B1D1C1DE6A9008BC488 /* main.m */ = {isa = PBXFileReference; lastKnownFileType = sourcecode.c.objc; path = main.m; sourceTree = "<group>"; };
		16C73B1F1C1DE6A9008BC488 /* AppDelegate.h */ = {isa = PBXFileReference; lastKnownFileType = sourcecode.c.h; path = AppDelegate.h; sourceTree = "<group>"; };
		16C73B201C1DE6A9008BC488 /* AppDelegate.m */ = {isa = PBXFileReference; lastKnownFileType = sourcecode.c.objc; path = AppDelegate.m; sourceTree = "<group>"; };
		16C73B221C1DE6A9008BC488 /* ViewController.h */ = {isa = PBXFileReference; lastKnownFileType = sourcecode.c.h; path = ViewController.h; sourceTree = "<group>"; };
		16C73B231C1DE6A9008BC488 /* ViewController.m */ = {isa = PBXFileReference; lastKnownFileType = sourcecode.c.objc; path = ViewController.m; sourceTree = "<group>"; };
		16C73B261C1DE6A9008BC488 /* Base */ = {isa = PBXFileReference; lastKnownFileType = file.storyboard; name = Base; path = Base.lproj/Main.storyboard; sourceTree = "<group>"; };
		16C73B281C1DE6A9008BC488 /* Assets.xcassets */ = {isa = PBXFileReference; lastKnownFileType = folder.assetcatalog; path = Assets.xcassets; sourceTree = "<group>"; };
		16C73B2B1C1DE6A9008BC488 /* Base */ = {isa = PBXFileReference; lastKnownFileType = file.storyboard; name = Base; path = Base.lproj/LaunchScreen.storyboard; sourceTree = "<group>"; };
		16C73B2D1C1DE6A9008BC488 /* Info.plist */ = {isa = PBXFileReference; lastKnownFileType = text.plist.xml; path = Info.plist; sourceTree = "<group>"; };
		16C73B321C1DE6AA008BC488 /* PixelWorldTests.xctest */ = {isa = PBXFileReference; explicitFileType = wrapper.cfbundle; includeInIndex = 0; path = PixelWorldTests.xctest; sourceTree = BUILT_PRODUCTS_DIR; };
		16C73B361C1DE6AA008BC488 /* PixelWorldTests.m */ = {isa = PBXFileReference; lastKnownFileType = sourcecode.c.objc; path = PixelWorldTests.m; sourceTree = "<group>"; };
		16C73B381C1DE6AA008BC488 /* Info.plist */ = {isa = PBXFileReference; lastKnownFileType = text.plist.xml; path = Info.plist; sourceTree = "<group>"; };
		16C73B3D1C1DE6AA008BC488 /* PixelWorldUITests.xctest */ = {isa = PBXFileReference; explicitFileType = wrapper.cfbundle; includeInIndex = 0; path = PixelWorldUITests.xctest; sourceTree = BUILT_PRODUCTS_DIR; };
		16C73B411C1DE6AA008BC488 /* PixelWorldUITests.m */ = {isa = PBXFileReference; lastKnownFileType = sourcecode.c.objc; path = PixelWorldUITests.m; sourceTree = "<group>"; };
		16C73B431C1DE6AA008BC488 /* Info.plist */ = {isa = PBXFileReference; lastKnownFileType = text.plist.xml; path = Info.plist; sourceTree = "<group>"; };
		16C73B511C1DF4B6008BC488 /* AFHTTPRequestOperation.h */ = {isa = PBXFileReference; fileEncoding = 4; lastKnownFileType = sourcecode.c.h; path = AFHTTPRequestOperation.h; sourceTree = "<group>"; };
		16C73B521C1DF4B6008BC488 /* AFHTTPRequestOperation.m */ = {isa = PBXFileReference; fileEncoding = 4; lastKnownFileType = sourcecode.c.objc; path = AFHTTPRequestOperation.m; sourceTree = "<group>"; };
		16C73B531C1DF4B6008BC488 /* AFHTTPRequestOperationManager.h */ = {isa = PBXFileReference; fileEncoding = 4; lastKnownFileType = sourcecode.c.h; path = AFHTTPRequestOperationManager.h; sourceTree = "<group>"; };
		16C73B541C1DF4B6008BC488 /* AFHTTPRequestOperationManager.m */ = {isa = PBXFileReference; fileEncoding = 4; lastKnownFileType = sourcecode.c.objc; path = AFHTTPRequestOperationManager.m; sourceTree = "<group>"; };
		16C73B551C1DF4B6008BC488 /* AFHTTPSessionManager.h */ = {isa = PBXFileReference; fileEncoding = 4; lastKnownFileType = sourcecode.c.h; path = AFHTTPSessionManager.h; sourceTree = "<group>"; };
		16C73B561C1DF4B6008BC488 /* AFHTTPSessionManager.m */ = {isa = PBXFileReference; fileEncoding = 4; lastKnownFileType = sourcecode.c.objc; path = AFHTTPSessionManager.m; sourceTree = "<group>"; };
		16C73B571C1DF4B6008BC488 /* AFNetworking.h */ = {isa = PBXFileReference; fileEncoding = 4; lastKnownFileType = sourcecode.c.h; path = AFNetworking.h; sourceTree = "<group>"; };
		16C73B581C1DF4B6008BC488 /* AFNetworkReachabilityManager.h */ = {isa = PBXFileReference; fileEncoding = 4; lastKnownFileType = sourcecode.c.h; path = AFNetworkReachabilityManager.h; sourceTree = "<group>"; };
		16C73B591C1DF4B6008BC488 /* AFNetworkReachabilityManager.m */ = {isa = PBXFileReference; fileEncoding = 4; lastKnownFileType = sourcecode.c.objc; path = AFNetworkReachabilityManager.m; sourceTree = "<group>"; };
		16C73B5A1C1DF4B6008BC488 /* AFSecurityPolicy.h */ = {isa = PBXFileReference; fileEncoding = 4; lastKnownFileType = sourcecode.c.h; path = AFSecurityPolicy.h; sourceTree = "<group>"; };
		16C73B5B1C1DF4B6008BC488 /* AFSecurityPolicy.m */ = {isa = PBXFileReference; fileEncoding = 4; lastKnownFileType = sourcecode.c.objc; path = AFSecurityPolicy.m; sourceTree = "<group>"; };
		16C73B5C1C1DF4B6008BC488 /* AFURLConnectionOperation.h */ = {isa = PBXFileReference; fileEncoding = 4; lastKnownFileType = sourcecode.c.h; path = AFURLConnectionOperation.h; sourceTree = "<group>"; };
		16C73B5D1C1DF4B6008BC488 /* AFURLConnectionOperation.m */ = {isa = PBXFileReference; fileEncoding = 4; lastKnownFileType = sourcecode.c.objc; path = AFURLConnectionOperation.m; sourceTree = "<group>"; };
		16C73B5E1C1DF4B6008BC488 /* AFURLRequestSerialization.h */ = {isa = PBXFileReference; fileEncoding = 4; lastKnownFileType = sourcecode.c.h; path = AFURLRequestSerialization.h; sourceTree = "<group>"; };
		16C73B5F1C1DF4B6008BC488 /* AFURLRequestSerialization.m */ = {isa = PBXFileReference; fileEncoding = 4; lastKnownFileType = sourcecode.c.objc; path = AFURLRequestSerialization.m; sourceTree = "<group>"; };
		16C73B601C1DF4B6008BC488 /* AFURLResponseSerialization.h */ = {isa = PBXFileReference; fileEncoding = 4; lastKnownFileType = sourcecode.c.h; path = AFURLResponseSerialization.h; sourceTree = "<group>"; };
		16C73B611C1DF4B6008BC488 /* AFURLResponseSerialization.m */ = {isa = PBXFileReference; fileEncoding = 4; lastKnownFileType = sourcecode.c.objc; path = AFURLResponseSerialization.m; sourceTree = "<group>"; };
		16C73B621C1DF4B6008BC488 /* AFURLSessionManager.h */ = {isa = PBXFileReference; fileEncoding = 4; lastKnownFileType = sourcecode.c.h; path = AFURLSessionManager.h; sourceTree = "<group>"; };
		16C73B631C1DF4B6008BC488 /* AFURLSessionManager.m */ = {isa = PBXFileReference; fileEncoding = 4; lastKnownFileType = sourcecode.c.objc; path = AFURLSessionManager.m; sourceTree = "<group>"; };
		16C73B651C1DF4B6008BC488 /* AFNetworkActivityIndicatorManager.h */ = {isa = PBXFileReference; fileEncoding = 4; lastKnownFileType = sourcecode.c.h; path = AFNetworkActivityIndicatorManager.h; sourceTree = "<group>"; };
		16C73B661C1DF4B6008BC488 /* AFNetworkActivityIndicatorManager.m */ = {isa = PBXFileReference; fileEncoding = 4; lastKnownFileType = sourcecode.c.objc; path = AFNetworkActivityIndicatorManager.m; sourceTree = "<group>"; };
		16C73B671C1DF4B6008BC488 /* UIActivityIndicatorView+AFNetworking.h */ = {isa = PBXFileReference; fileEncoding = 4; lastKnownFileType = sourcecode.c.h; path = "UIActivityIndicatorView+AFNetworking.h"; sourceTree = "<group>"; };
		16C73B681C1DF4B6008BC488 /* UIActivityIndicatorView+AFNetworking.m */ = {isa = PBXFileReference; fileEncoding = 4; lastKnownFileType = sourcecode.c.objc; path = "UIActivityIndicatorView+AFNetworking.m"; sourceTree = "<group>"; };
		16C73B691C1DF4B6008BC488 /* UIAlertView+AFNetworking.h */ = {isa = PBXFileReference; fileEncoding = 4; lastKnownFileType = sourcecode.c.h; path = "UIAlertView+AFNetworking.h"; sourceTree = "<group>"; };
		16C73B6A1C1DF4B6008BC488 /* UIAlertView+AFNetworking.m */ = {isa = PBXFileReference; fileEncoding = 4; lastKnownFileType = sourcecode.c.objc; path = "UIAlertView+AFNetworking.m"; sourceTree = "<group>"; };
		16C73B6B1C1DF4B6008BC488 /* UIButton+AFNetworking.h */ = {isa = PBXFileReference; fileEncoding = 4; lastKnownFileType = sourcecode.c.h; path = "UIButton+AFNetworking.h"; sourceTree = "<group>"; };
		16C73B6C1C1DF4B6008BC488 /* UIButton+AFNetworking.m */ = {isa = PBXFileReference; fileEncoding = 4; lastKnownFileType = sourcecode.c.objc; path = "UIButton+AFNetworking.m"; sourceTree = "<group>"; };
		16C73B6D1C1DF4B6008BC488 /* UIImage+AFNetworking.h */ = {isa = PBXFileReference; fileEncoding = 4; lastKnownFileType = sourcecode.c.h; path = "UIImage+AFNetworking.h"; sourceTree = "<group>"; };
		16C73B6E1C1DF4B6008BC488 /* UIImageView+AFNetworking.h */ = {isa = PBXFileReference; fileEncoding = 4; lastKnownFileType = sourcecode.c.h; path = "UIImageView+AFNetworking.h"; sourceTree = "<group>"; };
		16C73B6F1C1DF4B6008BC488 /* UIImageView+AFNetworking.m */ = {isa = PBXFileReference; fileEncoding = 4; lastKnownFileType = sourcecode.c.objc; path = "UIImageView+AFNetworking.m"; sourceTree = "<group>"; };
		16C73B701C1DF4B6008BC488 /* UIKit+AFNetworking.h */ = {isa = PBXFileReference; fileEncoding = 4; lastKnownFileType = sourcecode.c.h; path = "UIKit+AFNetworking.h"; sourceTree = "<group>"; };
		16C73B711C1DF4B6008BC488 /* UIProgressView+AFNetworking.h */ = {isa = PBXFileReference; fileEncoding = 4; lastKnownFileType = sourcecode.c.h; path = "UIProgressView+AFNetworking.h"; sourceTree = "<group>"; };
		16C73B721C1DF4B6008BC488 /* UIProgressView+AFNetworking.m */ = {isa = PBXFileReference; fileEncoding = 4; lastKnownFileType = sourcecode.c.objc; path = "UIProgressView+AFNetworking.m"; sourceTree = "<group>"; };
		16C73B731C1DF4B6008BC488 /* UIRefreshControl+AFNetworking.h */ = {isa = PBXFileReference; fileEncoding = 4; lastKnownFileType = sourcecode.c.h; path = "UIRefreshControl+AFNetworking.h"; sourceTree = "<group>"; };
		16C73B741C1DF4B6008BC488 /* UIRefreshControl+AFNetworking.m */ = {isa = PBXFileReference; fileEncoding = 4; lastKnownFileType = sourcecode.c.objc; path = "UIRefreshControl+AFNetworking.m"; sourceTree = "<group>"; };
		16C73B751C1DF4B6008BC488 /* UIWebView+AFNetworking.h */ = {isa = PBXFileReference; fileEncoding = 4; lastKnownFileType = sourcecode.c.h; path = "UIWebView+AFNetworking.h"; sourceTree = "<group>"; };
		16C73B761C1DF4B6008BC488 /* UIWebView+AFNetworking.m */ = {isa = PBXFileReference; fileEncoding = 4; lastKnownFileType = sourcecode.c.objc; path = "UIWebView+AFNetworking.m"; sourceTree = "<group>"; };
		16C73B881C27E5EC008BC488 /* monsterViewController.h */ = {isa = PBXFileReference; fileEncoding = 4; lastKnownFileType = sourcecode.c.h; path = monsterViewController.h; sourceTree = "<group>"; };
		16C73B891C27E5EC008BC488 /* monsterViewController.m */ = {isa = PBXFileReference; fileEncoding = 4; lastKnownFileType = sourcecode.c.objc; path = monsterViewController.m; sourceTree = "<group>"; };
		16C73B8B1C27E619008BC488 /* shopViewController.h */ = {isa = PBXFileReference; fileEncoding = 4; lastKnownFileType = sourcecode.c.h; path = shopViewController.h; sourceTree = "<group>"; };
		16C73B8C1C27E619008BC488 /* shopViewController.m */ = {isa = PBXFileReference; fileEncoding = 4; lastKnownFileType = sourcecode.c.objc; path = shopViewController.m; sourceTree = "<group>"; };
/* End PBXFileReference section */

/* Begin PBXFrameworksBuildPhase section */
		16C73B161C1DE6A9008BC488 /* Frameworks */ = {
			isa = PBXFrameworksBuildPhase;
			buildActionMask = 2147483647;
			files = (
			);
			runOnlyForDeploymentPostprocessing = 0;
		};
		16C73B2F1C1DE6AA008BC488 /* Frameworks */ = {
			isa = PBXFrameworksBuildPhase;
			buildActionMask = 2147483647;
			files = (
			);
			runOnlyForDeploymentPostprocessing = 0;
		};
		16C73B3A1C1DE6AA008BC488 /* Frameworks */ = {
			isa = PBXFrameworksBuildPhase;
			buildActionMask = 2147483647;
			files = (
			);
			runOnlyForDeploymentPostprocessing = 0;
		};
/* End PBXFrameworksBuildPhase section */

/* Begin PBXGroup section */
		16753A751C2B8B3C00B7EF40 /* Models */ = {
			isa = PBXGroup;
			children = (
			);
			name = Models;
			sourceTree = "<group>";
		};
		16C73B101C1DE6A9008BC488 = {
			isa = PBXGroup;
			children = (
				16C73B1B1C1DE6A9008BC488 /* PixelWorld */,
				16C73B351C1DE6AA008BC488 /* PixelWorldTests */,
				16C73B401C1DE6AA008BC488 /* PixelWorldUITests */,
				16C73B1A1C1DE6A9008BC488 /* Products */,
			);
			sourceTree = "<group>";
		};
		16C73B1A1C1DE6A9008BC488 /* Products */ = {
			isa = PBXGroup;
			children = (
				16C73B191C1DE6A9008BC488 /* PixelWorld.app */,
				16C73B321C1DE6AA008BC488 /* PixelWorldTests.xctest */,
				16C73B3D1C1DE6AA008BC488 /* PixelWorldUITests.xctest */,
			);
			name = Products;
			sourceTree = "<group>";
		};
		16C73B1B1C1DE6A9008BC488 /* PixelWorld */ = {
			isa = PBXGroup;
			children = (
				16753A751C2B8B3C00B7EF40 /* Models */,
				16C73B4F1C1DF47A008BC488 /* AFNetworking */,
				16C73B1F1C1DE6A9008BC488 /* AppDelegate.h */,
				16C73B201C1DE6A9008BC488 /* AppDelegate.m */,
				16C73B251C1DE6A9008BC488 /* Main.storyboard */,
				16C73B281C1DE6A9008BC488 /* Assets.xcassets */,
				16C73B2A1C1DE6A9008BC488 /* LaunchScreen.storyboard */,
				16C73B2D1C1DE6A9008BC488 /* Info.plist */,
				16C73B1C1C1DE6A9008BC488 /* Supporting Files */,
				16C73B881C27E5EC008BC488 /* monsterViewController.h */,
				16C73B891C27E5EC008BC488 /* monsterViewController.m */,
				16C73B8B1C27E619008BC488 /* shopViewController.h */,
				16C73B8C1C27E619008BC488 /* shopViewController.m */,
				16C73B221C1DE6A9008BC488 /* ViewController.h */,
				16C73B231C1DE6A9008BC488 /* ViewController.m */,
				160990781C282359005B5CAA /* MainTabBarController.h */,
				160990791C282359005B5CAA /* MainTabBarController.m */,
				16753A721C2A4FD000B7EF40 /* inventoryTableViewController.h */,
				16753A731C2A4FD000B7EF40 /* inventoryTableViewController.m */,
			);
			path = PixelWorld;
			sourceTree = "<group>";
		};
		16C73B1C1C1DE6A9008BC488 /* Supporting Files */ = {
			isa = PBXGroup;
			children = (
				16C73B1D1C1DE6A9008BC488 /* main.m */,
			);
			name = "Supporting Files";
			sourceTree = "<group>";
		};
		16C73B351C1DE6AA008BC488 /* PixelWorldTests */ = {
			isa = PBXGroup;
			children = (
				16C73B361C1DE6AA008BC488 /* PixelWorldTests.m */,
				16C73B381C1DE6AA008BC488 /* Info.plist */,
			);
			path = PixelWorldTests;
			sourceTree = "<group>";
		};
		16C73B401C1DE6AA008BC488 /* PixelWorldUITests */ = {
			isa = PBXGroup;
			children = (
				16C73B411C1DE6AA008BC488 /* PixelWorldUITests.m */,
				16C73B431C1DE6AA008BC488 /* Info.plist */,
			);
			path = PixelWorldUITests;
			sourceTree = "<group>";
		};
		16C73B4F1C1DF47A008BC488 /* AFNetworking */ = {
			isa = PBXGroup;
			children = (
				16C73B501C1DF4B6008BC488 /* AFNetworking */,
				16C73B641C1DF4B6008BC488 /* UIKit+AFNetworking */,
			);
			name = AFNetworking;
			sourceTree = "<group>";
		};
		16C73B501C1DF4B6008BC488 /* AFNetworking */ = {
			isa = PBXGroup;
			children = (
				16C73B511C1DF4B6008BC488 /* AFHTTPRequestOperation.h */,
				16C73B521C1DF4B6008BC488 /* AFHTTPRequestOperation.m */,
				16C73B531C1DF4B6008BC488 /* AFHTTPRequestOperationManager.h */,
				16C73B541C1DF4B6008BC488 /* AFHTTPRequestOperationManager.m */,
				16C73B551C1DF4B6008BC488 /* AFHTTPSessionManager.h */,
				16C73B561C1DF4B6008BC488 /* AFHTTPSessionManager.m */,
				16C73B571C1DF4B6008BC488 /* AFNetworking.h */,
				16C73B581C1DF4B6008BC488 /* AFNetworkReachabilityManager.h */,
				16C73B591C1DF4B6008BC488 /* AFNetworkReachabilityManager.m */,
				16C73B5A1C1DF4B6008BC488 /* AFSecurityPolicy.h */,
				16C73B5B1C1DF4B6008BC488 /* AFSecurityPolicy.m */,
				16C73B5C1C1DF4B6008BC488 /* AFURLConnectionOperation.h */,
				16C73B5D1C1DF4B6008BC488 /* AFURLConnectionOperation.m */,
				16C73B5E1C1DF4B6008BC488 /* AFURLRequestSerialization.h */,
				16C73B5F1C1DF4B6008BC488 /* AFURLRequestSerialization.m */,
				16C73B601C1DF4B6008BC488 /* AFURLResponseSerialization.h */,
				16C73B611C1DF4B6008BC488 /* AFURLResponseSerialization.m */,
				16C73B621C1DF4B6008BC488 /* AFURLSessionManager.h */,
				16C73B631C1DF4B6008BC488 /* AFURLSessionManager.m */,
			);
			path = AFNetworking;
			sourceTree = "<group>";
		};
		16C73B641C1DF4B6008BC488 /* UIKit+AFNetworking */ = {
			isa = PBXGroup;
			children = (
				16C73B651C1DF4B6008BC488 /* AFNetworkActivityIndicatorManager.h */,
				16C73B661C1DF4B6008BC488 /* AFNetworkActivityIndicatorManager.m */,
				16C73B671C1DF4B6008BC488 /* UIActivityIndicatorView+AFNetworking.h */,
				16C73B681C1DF4B6008BC488 /* UIActivityIndicatorView+AFNetworking.m */,
				16C73B691C1DF4B6008BC488 /* UIAlertView+AFNetworking.h */,
				16C73B6A1C1DF4B6008BC488 /* UIAlertView+AFNetworking.m */,
				16C73B6B1C1DF4B6008BC488 /* UIButton+AFNetworking.h */,
				16C73B6C1C1DF4B6008BC488 /* UIButton+AFNetworking.m */,
				16C73B6D1C1DF4B6008BC488 /* UIImage+AFNetworking.h */,
				16C73B6E1C1DF4B6008BC488 /* UIImageView+AFNetworking.h */,
				16C73B6F1C1DF4B6008BC488 /* UIImageView+AFNetworking.m */,
				16C73B701C1DF4B6008BC488 /* UIKit+AFNetworking.h */,
				16C73B711C1DF4B6008BC488 /* UIProgressView+AFNetworking.h */,
				16C73B721C1DF4B6008BC488 /* UIProgressView+AFNetworking.m */,
				16C73B731C1DF4B6008BC488 /* UIRefreshControl+AFNetworking.h */,
				16C73B741C1DF4B6008BC488 /* UIRefreshControl+AFNetworking.m */,
				16C73B751C1DF4B6008BC488 /* UIWebView+AFNetworking.h */,
				16C73B761C1DF4B6008BC488 /* UIWebView+AFNetworking.m */,
			);
			path = "UIKit+AFNetworking";
			sourceTree = "<group>";
		};
/* End PBXGroup section */

/* Begin PBXNativeTarget section */
		16C73B181C1DE6A9008BC488 /* PixelWorld */ = {
			isa = PBXNativeTarget;
			buildConfigurationList = 16C73B461C1DE6AA008BC488 /* Build configuration list for PBXNativeTarget "PixelWorld" */;
			buildPhases = (
				16C73B151C1DE6A9008BC488 /* Sources */,
				16C73B161C1DE6A9008BC488 /* Frameworks */,
				16C73B171C1DE6A9008BC488 /* Resources */,
			);
			buildRules = (
			);
			dependencies = (
			);
			name = PixelWorld;
			productName = PixelWorld;
			productReference = 16C73B191C1DE6A9008BC488 /* PixelWorld.app */;
			productType = "com.apple.product-type.application";
		};
		16C73B311C1DE6AA008BC488 /* PixelWorldTests */ = {
			isa = PBXNativeTarget;
			buildConfigurationList = 16C73B491C1DE6AA008BC488 /* Build configuration list for PBXNativeTarget "PixelWorldTests" */;
			buildPhases = (
				16C73B2E1C1DE6AA008BC488 /* Sources */,
				16C73B2F1C1DE6AA008BC488 /* Frameworks */,
				16C73B301C1DE6AA008BC488 /* Resources */,
			);
			buildRules = (
			);
			dependencies = (
				16C73B341C1DE6AA008BC488 /* PBXTargetDependency */,
			);
			name = PixelWorldTests;
			productName = PixelWorldTests;
			productReference = 16C73B321C1DE6AA008BC488 /* PixelWorldTests.xctest */;
			productType = "com.apple.product-type.bundle.unit-test";
		};
		16C73B3C1C1DE6AA008BC488 /* PixelWorldUITests */ = {
			isa = PBXNativeTarget;
			buildConfigurationList = 16C73B4C1C1DE6AA008BC488 /* Build configuration list for PBXNativeTarget "PixelWorldUITests" */;
			buildPhases = (
				16C73B391C1DE6AA008BC488 /* Sources */,
				16C73B3A1C1DE6AA008BC488 /* Frameworks */,
				16C73B3B1C1DE6AA008BC488 /* Resources */,
			);
			buildRules = (
			);
			dependencies = (
				16C73B3F1C1DE6AA008BC488 /* PBXTargetDependency */,
			);
			name = PixelWorldUITests;
			productName = PixelWorldUITests;
			productReference = 16C73B3D1C1DE6AA008BC488 /* PixelWorldUITests.xctest */;
			productType = "com.apple.product-type.bundle.ui-testing";
		};
/* End PBXNativeTarget section */

/* Begin PBXProject section */
		16C73B111C1DE6A9008BC488 /* Project object */ = {
			isa = PBXProject;
			attributes = {
				LastUpgradeCheck = 0700;
				ORGANIZATIONNAME = Yifang;
				TargetAttributes = {
					16C73B181C1DE6A9008BC488 = {
						CreatedOnToolsVersion = 7.0.1;
					};
					16C73B311C1DE6AA008BC488 = {
						CreatedOnToolsVersion = 7.0.1;
						TestTargetID = 16C73B181C1DE6A9008BC488;
					};
					16C73B3C1C1DE6AA008BC488 = {
						CreatedOnToolsVersion = 7.0.1;
						TestTargetID = 16C73B181C1DE6A9008BC488;
					};
				};
			};
			buildConfigurationList = 16C73B141C1DE6A9008BC488 /* Build configuration list for PBXProject "PixelWorld" */;
			compatibilityVersion = "Xcode 3.2";
			developmentRegion = English;
			hasScannedForEncodings = 0;
			knownRegions = (
				en,
				Base,
			);
			mainGroup = 16C73B101C1DE6A9008BC488;
			productRefGroup = 16C73B1A1C1DE6A9008BC488 /* Products */;
			projectDirPath = "";
			projectRoot = "";
			targets = (
				16C73B181C1DE6A9008BC488 /* PixelWorld */,
				16C73B311C1DE6AA008BC488 /* PixelWorldTests */,
				16C73B3C1C1DE6AA008BC488 /* PixelWorldUITests */,
			);
		};
/* End PBXProject section */

/* Begin PBXResourcesBuildPhase section */
		16C73B171C1DE6A9008BC488 /* Resources */ = {
			isa = PBXResourcesBuildPhase;
			buildActionMask = 2147483647;
			files = (
				16C73B2C1C1DE6A9008BC488 /* LaunchScreen.storyboard in Resources */,
				16C73B291C1DE6A9008BC488 /* Assets.xcassets in Resources */,
				16C73B271C1DE6A9008BC488 /* Main.storyboard in Resources */,
			);
			runOnlyForDeploymentPostprocessing = 0;
		};
		16C73B301C1DE6AA008BC488 /* Resources */ = {
			isa = PBXResourcesBuildPhase;
			buildActionMask = 2147483647;
			files = (
			);
			runOnlyForDeploymentPostprocessing = 0;
		};
		16C73B3B1C1DE6AA008BC488 /* Resources */ = {
			isa = PBXResourcesBuildPhase;
			buildActionMask = 2147483647;
			files = (
			);
			runOnlyForDeploymentPostprocessing = 0;
		};
/* End PBXResourcesBuildPhase section */

/* Begin PBXSourcesBuildPhase section */
		16C73B151C1DE6A9008BC488 /* Sources */ = {
			isa = PBXSourcesBuildPhase;
			buildActionMask = 2147483647;
			files = (
				16C73B771C1DF4B6008BC488 /* AFHTTPRequestOperation.m in Sources */,
				16C73B841C1DF4B6008BC488 /* UIImageView+AFNetworking.m in Sources */,
				16C73B241C1DE6A9008BC488 /* ViewController.m in Sources */,
				16C73B781C1DF4B6008BC488 /* AFHTTPRequestOperationManager.m in Sources */,
				16C73B851C1DF4B6008BC488 /* UIProgressView+AFNetworking.m in Sources */,
				16C73B7A1C1DF4B6008BC488 /* AFNetworkReachabilityManager.m in Sources */,
				16753A741C2A4FD000B7EF40 /* inventoryTableViewController.m in Sources */,
				16C73B7E1C1DF4B6008BC488 /* AFURLResponseSerialization.m in Sources */,
				16C73B7C1C1DF4B6008BC488 /* AFURLConnectionOperation.m in Sources */,
				16C73B8D1C27E619008BC488 /* shopViewController.m in Sources */,
				16C73B831C1DF4B6008BC488 /* UIButton+AFNetworking.m in Sources */,
				1609907A1C282359005B5CAA /* MainTabBarController.m in Sources */,
				16C73B811C1DF4B6008BC488 /* UIActivityIndicatorView+AFNetworking.m in Sources */,
				16C73B7B1C1DF4B6008BC488 /* AFSecurityPolicy.m in Sources */,
				16C73B861C1DF4B6008BC488 /* UIRefreshControl+AFNetworking.m in Sources */,
				16C73B871C1DF4B6008BC488 /* UIWebView+AFNetworking.m in Sources */,
				16C73B791C1DF4B6008BC488 /* AFHTTPSessionManager.m in Sources */,
				16C73B821C1DF4B6008BC488 /* UIAlertView+AFNetworking.m in Sources */,
				16C73B7D1C1DF4B6008BC488 /* AFURLRequestSerialization.m in Sources */,
				16C73B801C1DF4B6008BC488 /* AFNetworkActivityIndicatorManager.m in Sources */,
				16C73B7F1C1DF4B6008BC488 /* AFURLSessionManager.m in Sources */,
				16C73B8A1C27E5EC008BC488 /* monsterViewController.m in Sources */,
				16C73B211C1DE6A9008BC488 /* AppDelegate.m in Sources */,
				16C73B1E1C1DE6A9008BC488 /* main.m in Sources */,
			);
			runOnlyForDeploymentPostprocessing = 0;
		};
		16C73B2E1C1DE6AA008BC488 /* Sources */ = {
			isa = PBXSourcesBuildPhase;
			buildActionMask = 2147483647;
			files = (
				16C73B371C1DE6AA008BC488 /* PixelWorldTests.m in Sources */,
			);
			runOnlyForDeploymentPostprocessing = 0;
		};
		16C73B391C1DE6AA008BC488 /* Sources */ = {
			isa = PBXSourcesBuildPhase;
			buildActionMask = 2147483647;
			files = (
				16C73B421C1DE6AA008BC488 /* PixelWorldUITests.m in Sources */,
			);
			runOnlyForDeploymentPostprocessing = 0;
		};
/* End PBXSourcesBuildPhase section */

/* Begin PBXTargetDependency section */
		16C73B341C1DE6AA008BC488 /* PBXTargetDependency */ = {
			isa = PBXTargetDependency;
			target = 16C73B181C1DE6A9008BC488 /* PixelWorld */;
			targetProxy = 16C73B331C1DE6AA008BC488 /* PBXContainerItemProxy */;
		};
		16C73B3F1C1DE6AA008BC488 /* PBXTargetDependency */ = {
			isa = PBXTargetDependency;
			target = 16C73B181C1DE6A9008BC488 /* PixelWorld */;
			targetProxy = 16C73B3E1C1DE6AA008BC488 /* PBXContainerItemProxy */;
		};
/* End PBXTargetDependency section */

/* Begin PBXVariantGroup section */
		16C73B251C1DE6A9008BC488 /* Main.storyboard */ = {
			isa = PBXVariantGroup;
			children = (
				16C73B261C1DE6A9008BC488 /* Base */,
			);
			name = Main.storyboard;
			sourceTree = "<group>";
		};
		16C73B2A1C1DE6A9008BC488 /* LaunchScreen.storyboard */ = {
			isa = PBXVariantGroup;
			children = (
				16C73B2B1C1DE6A9008BC488 /* Base */,
			);
			name = LaunchScreen.storyboard;
			sourceTree = "<group>";
		};
/* End PBXVariantGroup section */

/* Begin XCBuildConfiguration section */
		16C73B441C1DE6AA008BC488 /* Debug */ = {
			isa = XCBuildConfiguration;
			buildSettings = {
				ALWAYS_SEARCH_USER_PATHS = NO;
				CLANG_CXX_LANGUAGE_STANDARD = "gnu++0x";
				CLANG_CXX_LIBRARY = "libc++";
				CLANG_ENABLE_MODULES = YES;
				CLANG_ENABLE_OBJC_ARC = YES;
				CLANG_WARN_BOOL_CONVERSION = YES;
				CLANG_WARN_CONSTANT_CONVERSION = YES;
				CLANG_WARN_DIRECT_OBJC_ISA_USAGE = YES_ERROR;
				CLANG_WARN_EMPTY_BODY = YES;
				CLANG_WARN_ENUM_CONVERSION = YES;
				CLANG_WARN_INT_CONVERSION = YES;
				CLANG_WARN_OBJC_ROOT_CLASS = YES_ERROR;
				CLANG_WARN_UNREACHABLE_CODE = YES;
				CLANG_WARN__DUPLICATE_METHOD_MATCH = YES;
				"CODE_SIGN_IDENTITY[sdk=iphoneos*]" = "iPhone Developer";
				COPY_PHASE_STRIP = NO;
				DEBUG_INFORMATION_FORMAT = dwarf;
				ENABLE_STRICT_OBJC_MSGSEND = YES;
				ENABLE_TESTABILITY = YES;
				GCC_C_LANGUAGE_STANDARD = gnu99;
				GCC_DYNAMIC_NO_PIC = NO;
				GCC_NO_COMMON_BLOCKS = YES;
				GCC_OPTIMIZATION_LEVEL = 0;
				GCC_PREPROCESSOR_DEFINITIONS = (
					"DEBUG=1",
					"$(inherited)",
				);
				GCC_WARN_64_TO_32_BIT_CONVERSION = YES;
				GCC_WARN_ABOUT_RETURN_TYPE = YES_ERROR;
				GCC_WARN_UNDECLARED_SELECTOR = YES;
				GCC_WARN_UNINITIALIZED_AUTOS = YES_AGGRESSIVE;
				GCC_WARN_UNUSED_FUNCTION = YES;
				GCC_WARN_UNUSED_VARIABLE = YES;
				IPHONEOS_DEPLOYMENT_TARGET = 9.0;
				MTL_ENABLE_DEBUG_INFO = YES;
				ONLY_ACTIVE_ARCH = YES;
				SDKROOT = iphoneos;
				TARGETED_DEVICE_FAMILY = "1,2";
			};
			name = Debug;
		};
		16C73B451C1DE6AA008BC488 /* Release */ = {
			isa = XCBuildConfiguration;
			buildSettings = {
				ALWAYS_SEARCH_USER_PATHS = NO;
				CLANG_CXX_LANGUAGE_STANDARD = "gnu++0x";
				CLANG_CXX_LIBRARY = "libc++";
				CLANG_ENABLE_MODULES = YES;
				CLANG_ENABLE_OBJC_ARC = YES;
				CLANG_WARN_BOOL_CONVERSION = YES;
				CLANG_WARN_CONSTANT_CONVERSION = YES;
				CLANG_WARN_DIRECT_OBJC_ISA_USAGE = YES_ERROR;
				CLANG_WARN_EMPTY_BODY = YES;
				CLANG_WARN_ENUM_CONVERSION = YES;
				CLANG_WARN_INT_CONVERSION = YES;
				CLANG_WARN_OBJC_ROOT_CLASS = YES_ERROR;
				CLANG_WARN_UNREACHABLE_CODE = YES;
				CLANG_WARN__DUPLICATE_METHOD_MATCH = YES;
				"CODE_SIGN_IDENTITY[sdk=iphoneos*]" = "iPhone Developer";
				COPY_PHASE_STRIP = NO;
				DEBUG_INFORMATION_FORMAT = "dwarf-with-dsym";
				ENABLE_NS_ASSERTIONS = NO;
				ENABLE_STRICT_OBJC_MSGSEND = YES;
				GCC_C_LANGUAGE_STANDARD = gnu99;
				GCC_NO_COMMON_BLOCKS = YES;
				GCC_WARN_64_TO_32_BIT_CONVERSION = YES;
				GCC_WARN_ABOUT_RETURN_TYPE = YES_ERROR;
				GCC_WARN_UNDECLARED_SELECTOR = YES;
				GCC_WARN_UNINITIALIZED_AUTOS = YES_AGGRESSIVE;
				GCC_WARN_UNUSED_FUNCTION = YES;
				GCC_WARN_UNUSED_VARIABLE = YES;
				IPHONEOS_DEPLOYMENT_TARGET = 9.0;
				MTL_ENABLE_DEBUG_INFO = NO;
				SDKROOT = iphoneos;
				TARGETED_DEVICE_FAMILY = "1,2";
				VALIDATE_PRODUCT = YES;
			};
			name = Release;
		};
		16C73B471C1DE6AA008BC488 /* Debug */ = {
			isa = XCBuildConfiguration;
			buildSettings = {
				ASSETCATALOG_COMPILER_APPICON_NAME = AppIcon;
				INFOPLIST_FILE = PixelWorld/Info.plist;
				LD_RUNPATH_SEARCH_PATHS = "$(inherited) @executable_path/Frameworks";
				PRODUCT_BUNDLE_IDENTIFIER = com.yifang.PixelWorld;
				PRODUCT_NAME = "$(TARGET_NAME)";
			};
			name = Debug;
		};
		16C73B481C1DE6AA008BC488 /* Release */ = {
			isa = XCBuildConfiguration;
			buildSettings = {
				ASSETCATALOG_COMPILER_APPICON_NAME = AppIcon;
				INFOPLIST_FILE = PixelWorld/Info.plist;
				LD_RUNPATH_SEARCH_PATHS = "$(inherited) @executable_path/Frameworks";
				PRODUCT_BUNDLE_IDENTIFIER = com.yifang.PixelWorld;
				PRODUCT_NAME = "$(TARGET_NAME)";
			};
			name = Release;
		};
		16C73B4A1C1DE6AA008BC488 /* Debug */ = {
			isa = XCBuildConfiguration;
			buildSettings = {
				BUNDLE_LOADER = "$(TEST_HOST)";
				INFOPLIST_FILE = PixelWorldTests/Info.plist;
				LD_RUNPATH_SEARCH_PATHS = "$(inherited) @executable_path/Frameworks @loader_path/Frameworks";
				PRODUCT_BUNDLE_IDENTIFIER = com.yifang.PixelWorldTests;
				PRODUCT_NAME = "$(TARGET_NAME)";
				TEST_HOST = "$(BUILT_PRODUCTS_DIR)/PixelWorld.app/PixelWorld";
			};
			name = Debug;
		};
		16C73B4B1C1DE6AA008BC488 /* Release */ = {
			isa = XCBuildConfiguration;
			buildSettings = {
				BUNDLE_LOADER = "$(TEST_HOST)";
				INFOPLIST_FILE = PixelWorldTests/Info.plist;
				LD_RUNPATH_SEARCH_PATHS = "$(inherited) @executable_path/Frameworks @loader_path/Frameworks";
				PRODUCT_BUNDLE_IDENTIFIER = com.yifang.PixelWorldTests;
				PRODUCT_NAME = "$(TARGET_NAME)";
				TEST_HOST = "$(BUILT_PRODUCTS_DIR)/PixelWorld.app/PixelWorld";
			};
			name = Release;
		};
		16C73B4D1C1DE6AA008BC488 /* Debug */ = {
			isa = XCBuildConfiguration;
			buildSettings = {
				INFOPLIST_FILE = PixelWorldUITests/Info.plist;
				LD_RUNPATH_SEARCH_PATHS = "$(inherited) @executable_path/Frameworks @loader_path/Frameworks";
				PRODUCT_BUNDLE_IDENTIFIER = com.yifang.PixelWorldUITests;
				PRODUCT_NAME = "$(TARGET_NAME)";
				TEST_TARGET_NAME = PixelWorld;
				USES_XCTRUNNER = YES;
			};
			name = Debug;
		};
		16C73B4E1C1DE6AA008BC488 /* Release */ = {
			isa = XCBuildConfiguration;
			buildSettings = {
				INFOPLIST_FILE = PixelWorldUITests/Info.plist;
				LD_RUNPATH_SEARCH_PATHS = "$(inherited) @executable_path/Frameworks @loader_path/Frameworks";
				PRODUCT_BUNDLE_IDENTIFIER = com.yifang.PixelWorldUITests;
				PRODUCT_NAME = "$(TARGET_NAME)";
				TEST_TARGET_NAME = PixelWorld;
				USES_XCTRUNNER = YES;
			};
			name = Release;
		};
/* End XCBuildConfiguration section */

/* Begin XCConfigurationList section */
		16C73B141C1DE6A9008BC488 /* Build configuration list for PBXProject "PixelWorld" */ = {
			isa = XCConfigurationList;
			buildConfigurations = (
				16C73B441C1DE6AA008BC488 /* Debug */,
				16C73B451C1DE6AA008BC488 /* Release */,
			);
			defaultConfigurationIsVisible = 0;
			defaultConfigurationName = Release;
		};
		16C73B461C1DE6AA008BC488 /* Build configuration list for PBXNativeTarget "PixelWorld" */ = {
			isa = XCConfigurationList;
			buildConfigurations = (
				16C73B471C1DE6AA008BC488 /* Debug */,
				16C73B481C1DE6AA008BC488 /* Release */,
			);
			defaultConfigurationIsVisible = 0;
			defaultConfigurationName = Release;
		};
		16C73B491C1DE6AA008BC488 /* Build configuration list for PBXNativeTarget "PixelWorldTests" */ = {
			isa = XCConfigurationList;
			buildConfigurations = (
				16C73B4A1C1DE6AA008BC488 /* Debug */,
				16C73B4B1C1DE6AA008BC488 /* Release */,
			);
			defaultConfigurationIsVisible = 0;
			defaultConfigurationName = Release;
		};
		16C73B4C1C1DE6AA008BC488 /* Build configuration list for PBXNativeTarget "PixelWorldUITests" */ = {
			isa = XCConfigurationList;
			buildConfigurations = (
				16C73B4D1C1DE6AA008BC488 /* Debug */,
				16C73B4E1C1DE6AA008BC488 /* Release */,
			);
			defaultConfigurationIsVisible = 0;
			defaultConfigurationName = Release;
		};
/* End XCConfigurationList section */
	};
	rootObject = 16C73B111C1DE6A9008BC488 /* Project object */;
}
